// !$*UTF8*$!
{
	archiveVersion = 1;
	classes = {
	};
	objectVersion = 46;
	objects = {

/* Begin PBXBuildFile section */
		A2B0DF7C1A5B373700B38C8C /* main.m in Sources */ = {isa = PBXBuildFile; fileRef = A2B0DF7B1A5B373700B38C8C /* main.m */; };
		A2B0DF7F1A5B373700B38C8C /* AppDelegate.m in Sources */ = {isa = PBXBuildFile; fileRef = A2B0DF7E1A5B373700B38C8C /* AppDelegate.m */; };
		A2B0DF821A5B373700B38C8C /* ViewController.m in Sources */ = {isa = PBXBuildFile; fileRef = A2B0DF811A5B373700B38C8C /* ViewController.m */; };
		A2B0DF851A5B373700B38C8C /* Main.storyboard in Resources */ = {isa = PBXBuildFile; fileRef = A2B0DF831A5B373700B38C8C /* Main.storyboard */; };
		A2B0DF871A5B373700B38C8C /* Images.xcassets in Resources */ = {isa = PBXBuildFile; fileRef = A2B0DF861A5B373700B38C8C /* Images.xcassets */; };
		A2B0DF8A1A5B373700B38C8C /* LaunchScreen.xib in Resources */ = {isa = PBXBuildFile; fileRef = A2B0DF881A5B373700B38C8C /* LaunchScreen.xib */; };
		A2B0DF961A5B373700B38C8C /* MultiplyTests.m in Sources */ = {isa = PBXBuildFile; fileRef = A2B0DF951A5B373700B38C8C /* MultiplyTests.m */; };
/* End PBXBuildFile section */

/* Begin PBXContainerItemProxy section */
		A2B0DF901A5B373700B38C8C /* PBXContainerItemProxy */ = {
			isa = PBXContainerItemProxy;
			containerPortal = A2B0DF6E1A5B373600B38C8C /* Project object */;
			proxyType = 1;
			remoteGlobalIDString = A2B0DF751A5B373600B38C8C;
			remoteInfo = Multiply;
		};
/* End PBXContainerItemProxy section */

/* Begin PBXFileReference section */
		A2B0DF761A5B373600B38C8C /* Multiply.app */ = {isa = PBXFileReference; explicitFileType = wrapper.application; includeInIndex = 0; path = Multiply.app; sourceTree = BUILT_PRODUCTS_DIR; };
		A2B0DF7A1A5B373600B38C8C /* Info.plist */ = {isa = PBXFileReference; lastKnownFileType = text.plist.xml; path = Info.plist; sourceTree = "<group>"; };
		A2B0DF7B1A5B373700B38C8C /* main.m */ = {isa = PBXFileReference; lastKnownFileType = sourcecode.c.objc; path = main.m; sourceTree = "<group>"; };
		A2B0DF7D1A5B373700B38C8C /* AppDelegate.h */ = {isa = PBXFileReference; lastKnownFileType = sourcecode.c.h; path = AppDelegate.h; sourceTree = "<group>"; };
		A2B0DF7E1A5B373700B38C8C /* AppDelegate.m */ = {isa = PBXFileReference; lastKnownFileType = sourcecode.c.objc; path = AppDelegate.m; sourceTree = "<group>"; };
		A2B0DF801A5B373700B38C8C /* ViewController.h */ = {isa = PBXFileReference; lastKnownFileType = sourcecode.c.h; path = ViewController.h; sourceTree = "<group>"; };
		A2B0DF811A5B373700B38C8C /* ViewController.m */ = {isa = PBXFileReference; lastKnownFileType = sourcecode.c.objc; path = ViewController.m; sourceTree = "<group>"; };
		A2B0DF841A5B373700B38C8C /* Base */ = {isa = PBXFileReference; lastKnownFileType = file.storyboard; name = Base; path = Base.lproj/Main.storyboard; sourceTree = "<group>"; };
		A2B0DF861A5B373700B38C8C /* Images.xcassets */ = {isa = PBXFileReference; lastKnownFileType = folder.assetcatalog; path = Images.xcassets; sourceTree = "<group>"; };
		A2B0DF891A5B373700B38C8C /* Base */ = {isa = PBXFileReference; lastKnownFileType = file.xib; name = Base; path = Base.lproj/LaunchScreen.xib; sourceTree = "<group>"; };
		A2B0DF8F1A5B373700B38C8C /* MultiplyTests.xctest */ = {isa = PBXFileReference; explicitFileType = wrapper.cfbundle; includeInIndex = 0; path = MultiplyTests.xctest; sourceTree = BUILT_PRODUCTS_DIR; };
		A2B0DF941A5B373700B38C8C /* Info.plist */ = {isa = PBXFileReference; lastKnownFileType = text.plist.xml; path = Info.plist; sourceTree = "<group>"; };
		A2B0DF951A5B373700B38C8C /* MultiplyTests.m */ = {isa = PBXFileReference; lastKnownFileType = sourcecode.c.objc; path = MultiplyTests.m; sourceTree = "<group>"; };
/* End PBXFileReference section */

/* Begin PBXFrameworksBuildPhase section */
		A2B0DF731A5B373600B38C8C /* Frameworks */ = {
			isa = PBXFrameworksBuildPhase;
			buildActionMask = 2147483647;
			files = (
			);
			runOnlyForDeploymentPostprocessing = 0;
		};
		A2B0DF8C1A5B373700B38C8C /* Frameworks */ = {
			isa = PBXFrameworksBuildPhase;
			buildActionMask = 2147483647;
			files = (
			);
			runOnlyForDeploymentPostprocessing = 0;
		};
/* End PBXFrameworksBuildPhase section */

/* Begin PBXGroup section */
		A2B0DF6D1A5B373600B38C8C = {
			isa = PBXGroup;
			children = (
				A2B0DF781A5B373600B38C8C /* Multiply */,
				A2B0DF921A5B373700B38C8C /* MultiplyTests */,
				A2B0DF771A5B373600B38C8C /* Products */,
			);
			sourceTree = "<group>";
		};
		A2B0DF771A5B373600B38C8C /* Products */ = {
			isa = PBXGroup;
			children = (
				A2B0DF761A5B373600B38C8C /* Multiply.app */,
				A2B0DF8F1A5B373700B38C8C /* MultiplyTests.xctest */,
			);
			name = Products;
			sourceTree = "<group>";
		};
		A2B0DF781A5B373600B38C8C /* Multiply */ = {
			isa = PBXGroup;
			children = (
				A2B0DF7D1A5B373700B38C8C /* AppDelegate.h */,
				A2B0DF7E1A5B373700B38C8C /* AppDelegate.m */,
				A2B0DF801A5B373700B38C8C /* ViewController.h */,
				A2B0DF811A5B373700B38C8C /* ViewController.m */,
				A2B0DF831A5B373700B38C8C /* Main.storyboard */,
				A2B0DF861A5B373700B38C8C /* Images.xcassets */,
				A2B0DF881A5B373700B38C8C /* LaunchScreen.xib */,
				A2B0DF791A5B373600B38C8C /* Supporting Files */,
			);
			path = Multiply;
			sourceTree = "<group>";
		};
		A2B0DF791A5B373600B38C8C /* Supporting Files */ = {
			isa = PBXGroup;
			children = (
				A2B0DF7A1A5B373600B38C8C /* Info.plist */,
				A2B0DF7B1A5B373700B38C8C /* main.m */,
			);
			name = "Supporting Files";
			sourceTree = "<group>";
		};
		A2B0DF921A5B373700B38C8C /* MultiplyTests */ = {
			isa = PBXGroup;
			children = (
				A2B0DF951A5B373700B38C8C /* MultiplyTests.m */,
				A2B0DF931A5B373700B38C8C /* Supporting Files */,
			);
			path = MultiplyTests;
			sourceTree = "<group>";
		};
		A2B0DF931A5B373700B38C8C /* Supporting Files */ = {
			isa = PBXGroup;
			children = (
				A2B0DF941A5B373700B38C8C /* Info.plist */,
			);
			name = "Supporting Files";
			sourceTree = "<group>";
		};
/* End PBXGroup section */

/* Begin PBXNativeTarget section */
		A2B0DF751A5B373600B38C8C /* Multiply */ = {
			isa = PBXNativeTarget;
			buildConfigurationList = A2B0DF991A5B373700B38C8C /* Build configuration list for PBXNativeTarget "Multiply" */;
			buildPhases = (
				A2B0DF721A5B373600B38C8C /* Sources */,
				A2B0DF731A5B373600B38C8C /* Frameworks */,
				A2B0DF741A5B373600B38C8C /* Resources */,
			);
			buildRules = (
			);
			dependencies = (
			);
			name = Multiply;
			productName = Multiply;
			productReference = A2B0DF761A5B373600B38C8C /* Multiply.app */;
			productType = "com.apple.product-type.application";
		};
		A2B0DF8E1A5B373700B38C8C /* MultiplyTests */ = {
			isa = PBXNativeTarget;
			buildConfigurationList = A2B0DF9C1A5B373700B38C8C /* Build configuration list for PBXNativeTarget "MultiplyTests" */;
			buildPhases = (
				A2B0DF8B1A5B373700B38C8C /* Sources */,
				A2B0DF8C1A5B373700B38C8C /* Frameworks */,
				A2B0DF8D1A5B373700B38C8C /* Resources */,
			);
			buildRules = (
			);
			dependencies = (
				A2B0DF911A5B373700B38C8C /* PBXTargetDependency */,
			);
			name = MultiplyTests;
			productName = MultiplyTests;
			productReference = A2B0DF8F1A5B373700B38C8C /* MultiplyTests.xctest */;
			productType = "com.apple.product-type.bundle.unit-test";
		};
/* End PBXNativeTarget section */

/* Begin PBXProject section */
		A2B0DF6E1A5B373600B38C8C /* Project object */ = {
			isa = PBXProject;
			attributes = {
				LastUpgradeCheck = 0610;
				ORGANIZATIONNAME = com.Seaver;
				TargetAttributes = {
					A2B0DF751A5B373600B38C8C = {
						CreatedOnToolsVersion = 6.1.1;
					};
					A2B0DF8E1A5B373700B38C8C = {
						CreatedOnToolsVersion = 6.1.1;
						TestTargetID = A2B0DF751A5B373600B38C8C;
					};
				};
			};
			buildConfigurationList = A2B0DF711A5B373600B38C8C /* Build configuration list for PBXProject "Multiply" */;
			compatibilityVersion = "Xcode 3.2";
			developmentRegion = English;
			hasScannedForEncodings = 0;
			knownRegions = (
				en,
				Base,
			);
			mainGroup = A2B0DF6D1A5B373600B38C8C;
			productRefGroup = A2B0DF771A5B373600B38C8C /* Products */;
			projectDirPath = "";
			projectRoot = "";
			targets = (
				A2B0DF751A5B373600B38C8C /* Multiply */,
				A2B0DF8E1A5B373700B38C8C /* MultiplyTests */,
			);
		};
/* End PBXProject section */

/* Begin PBXResourcesBuildPhase section */
		A2B0DF741A5B373600B38C8C /* Resources */ = {
			isa = PBXResourcesBuildPhase;
			buildActionMask = 2147483647;
			files = (
				A2B0DF851A5B373700B38C8C /* Main.storyboard in Resources */,
				A2B0DF8A1A5B373700B38C8C /* LaunchScreen.xib in Resources */,
				A2B0DF871A5B373700B38C8C /* Images.xcassets in Resources */,
			);
			runOnlyForDeploymentPostprocessing = 0;
		};
		A2B0DF8D1A5B373700B38C8C /* Resources */ = {
			isa = PBXResourcesBuildPhase;
			buildActionMask = 2147483647;
			files = (
			);
			runOnlyForDeploymentPostprocessing = 0;
		};
/* End PBXResourcesBuildPhase section */

/* Begin PBXSourcesBuildPhase section */
		A2B0DF721A5B373600B38C8C /* Sources */ = {
			isa = PBXSourcesBuildPhase;
			buildActionMask = 2147483647;
			files = (
				A2B0DF821A5B373700B38C8C /* ViewController.m in Sources */,
				A2B0DF7F1A5B373700B38C8C /* AppDelegate.m in Sources */,
				A2B0DF7C1A5B373700B38C8C /* main.m in Sources */,
			);
			runOnlyForDeploymentPostprocessing = 0;
		};
		A2B0DF8B1A5B373700B38C8C /* Sources */ = {
			isa = PBXSourcesBuildPhase;
			buildActionMask = 2147483647;
			files = (
				A2B0DF961A5B373700B38C8C /* MultiplyTests.m in Sources */,
			);
			runOnlyForDeploymentPostprocessing = 0;
		};
/* End PBXSourcesBuildPhase section */

/* Begin PBXTargetDependency section */
		A2B0DF911A5B373700B38C8C /* PBXTargetDependency */ = {
			isa = PBXTargetDependency;
			target = A2B0DF751A5B373600B38C8C /* Multiply */;
			targetProxy = A2B0DF901A5B373700B38C8C /* PBXContainerItemProxy */;
		};
/* End PBXTargetDependency section */

/* Begin PBXVariantGroup section */
		A2B0DF831A5B373700B38C8C /* Main.storyboard */ = {
			isa = PBXVariantGroup;
			children = (
				A2B0DF841A5B373700B38C8C /* Base */,
			);
			name = Main.storyboard;
			sourceTree = "<group>";
		};
		A2B0DF881A5B373700B38C8C /* LaunchScreen.xib */ = {
			isa = PBXVariantGroup;
			children = (
				A2B0DF891A5B373700B38C8C /* Base */,
			);
			name = LaunchScreen.xib;
			sourceTree = "<group>";
		};
/* End PBXVariantGroup section */

/* Begin XCBuildConfiguration section */
		A2B0DF971A5B373700B38C8C /* Debug */ = {
			isa = XCBuildConfiguration;
			buildSettings = {
				ALWAYS_SEARCH_USER_PATHS = NO;
				CLANG_CXX_LANGUAGE_STANDARD = "gnu++0x";
				CLANG_CXX_LIBRARY = "libc++";
				CLANG_ENABLE_MODULES = YES;
				CLANG_ENABLE_OBJC_ARC = YES;
				CLANG_WARN_BOOL_CONVERSION = YES;
				CLANG_WARN_CONSTANT_CONVERSION = YES;
				CLANG_WARN_DIRECT_OBJC_ISA_USAGE = YES_ERROR;
				CLANG_WARN_EMPTY_BODY = YES;
				CLANG_WARN_ENUM_CONVERSION = YES;
				CLANG_WARN_INT_CONVERSION = YES;
				CLANG_WARN_OBJC_ROOT_CLASS = YES_ERROR;
				CLANG_WARN_UNREACHABLE_CODE = YES;
				CLANG_WARN__DUPLICATE_METHOD_MATCH = YES;
				"CODE_SIGN_IDENTITY[sdk=iphoneos*]" = "iPhone Developer";
				COPY_PHASE_STRIP = NO;
				ENABLE_STRICT_OBJC_MSGSEND = YES;
				GCC_C_LANGUAGE_STANDARD = gnu99;
				GCC_DYNAMIC_NO_PIC = NO;
				GCC_OPTIMIZATION_LEVEL = 0;
				GCC_PREPROCESSOR_DEFINITIONS = (
					"DEBUG=1",
					"$(inherited)",
				);
				GCC_SYMBOLS_PRIVATE_EXTERN = NO;
				GCC_WARN_64_TO_32_BIT_CONVERSION = YES;
				GCC_WARN_ABOUT_RETURN_TYPE = YES_ERROR;
				GCC_WARN_UNDECLARED_SELECTOR = YES;
				GCC_WARN_UNINITIALIZED_AUTOS = YES_AGGRESSIVE;
				GCC_WARN_UNUSED_FUNCTION = YES;
				GCC_WARN_UNUSED_VARIABLE = YES;
				IPHONEOS_DEPLOYMENT_TARGET = 8.1;
				MTL_ENABLE_DEBUG_INFO = YES;
				ONLY_ACTIVE_ARCH = YES;
				SDKROOT = iphoneos;
			};
			name = Debug;
		};
		A2B0DF981A5B373700B38C8C /* Release */ = {
			isa = XCBuildConfiguration;
			buildSettings = {
				ALWAYS_SEARCH_USER_PATHS = NO;
				CLANG_CXX_LANGUAGE_STANDARD = "gnu++0x";
				CLANG_CXX_LIBRARY = "libc++";
				CLANG_ENABLE_MODULES = YES;
				CLANG_ENABLE_OBJC_ARC = YES;
				CLANG_WARN_BOOL_CONVERSION = YES;
				CLANG_WARN_CONSTANT_CONVERSION = YES;
				CLANG_WARN_DIRECT_OBJC_ISA_USAGE = YES_ERROR;
				CLANG_WARN_EMPTY_BODY = YES;
				CLANG_WARN_ENUM_CONVERSION = YES;
				CLANG_WARN_INT_CONVERSION = YES;
				CLANG_WARN_OBJC_ROOT_CLASS = YES_ERROR;
				CLANG_WARN_UNREACHABLE_CODE = YES;
				CLANG_WARN__DUPLICATE_METHOD_MATCH = YES;
				"CODE_SIGN_IDENTITY[sdk=iphoneos*]" = "iPhone Developer";
				COPY_PHASE_STRIP = YES;
				ENABLE_NS_ASSERTIONS = NO;
				ENABLE_STRICT_OBJC_MSGSEND = YES;
				GCC_C_LANGUAGE_STANDARD = gnu99;
				GCC_WARN_64_TO_32_BIT_CONVERSION = YES;
				GCC_WARN_ABOUT_RETURN_TYPE = YES_ERROR;
				GCC_WARN_UNDECLARED_SELECTOR = YES;
				GCC_WARN_UNINITIALIZED_AUTOS = YES_AGGRESSIVE;
				GCC_WARN_UNUSED_FUNCTION = YES;
				GCC_WARN_UNUSED_VARIABLE = YES;
				IPHONEOS_DEPLOYMENT_TARGET = 8.1;
				MTL_ENABLE_DEBUG_INFO = NO;
				SDKROOT = iphoneos;
				VALIDATE_PRODUCT = YES;
			};
			name = Release;
		};
		A2B0DF9A1A5B373700B38C8C /* Debug */ = {
			isa = XCBuildConfiguration;
			buildSettings = {
				ASSETCATALOG_COMPILER_APPICON_NAME = AppIcon;
				INFOPLIST_FILE = Multiply/Info.plist;
				LD_RUNPATH_SEARCH_PATHS = "$(inherited) @executable_path/Frameworks";
				PRODUCT_NAME = "$(TARGET_NAME)";
			};
			name = Debug;
		};
		A2B0DF9B1A5B373700B38C8C /* Release */ = {
			isa = XCBuildConfiguration;
			buildSettings = {
				ASSETCATALOG_COMPILER_APPICON_NAME = AppIcon;
				INFOPLIST_FILE = Multiply/Info.plist;
				LD_RUNPATH_SEARCH_PATHS = "$(inherited) @executable_path/Frameworks";
				PRODUCT_NAME = "$(TARGET_NAME)";
			};
			name = Release;
		};
		A2B0DF9D1A5B373700B38C8C /* Debug */ = {
			isa = XCBuildConfiguration;
			buildSettings = {
				BUNDLE_LOADER = "$(TEST_HOST)";
				FRAMEWORK_SEARCH_PATHS = (
					"$(SDKROOT)/Developer/Library/Frameworks",
					"$(inherited)",
				);
				GCC_PREPROCESSOR_DEFINITIONS = (
					"DEBUG=1",
					"$(inherited)",
				);
				INFOPLIST_FILE = MultiplyTests/Info.plist;
				LD_RUNPATH_SEARCH_PATHS = "$(inherited) @executable_path/Frameworks @loader_path/Frameworks";
				PRODUCT_NAME = "$(TARGET_NAME)";
				TEST_HOST = "$(BUILT_PRODUCTS_DIR)/Multiply.app/Multiply";
			};
			name = Debug;
		};
		A2B0DF9E1A5B373700B38C8C /* Release */ = {
			isa = XCBuildConfiguration;
			buildSettings = {
				BUNDLE_LOADER = "$(TEST_HOST)";
				FRAMEWORK_SEARCH_PATHS = (
					"$(SDKROOT)/Developer/Library/Frameworks",
					"$(inherited)",
				);
				INFOPLIST_FILE = MultiplyTests/Info.plist;
				LD_RUNPATH_SEARCH_PATHS = "$(inherited) @executable_path/Frameworks @loader_path/Frameworks";
				PRODUCT_NAME = "$(TARGET_NAME)";
				TEST_HOST = "$(BUILT_PRODUCTS_DIR)/Multiply.app/Multiply";
			};
			name = Release;
		};
/* End XCBuildConfiguration section */

/* Begin XCConfigurationList section */
		A2B0DF711A5B373600B38C8C /* Build configuration list for PBXProject "Multiply" */ = {
			isa = XCConfigurationList;
			buildConfigurations = (
				A2B0DF971A5B373700B38C8C /* Debug */,
				A2B0DF981A5B373700B38C8C /* Release */,
			);
			defaultConfigurationIsVisible = 0;
			defaultConfigurationName = Release;
		};
		A2B0DF991A5B373700B38C8C /* Build configuration list for PBXNativeTarget "Multiply" */ = {
			isa = XCConfigurationList;
			buildConfigurations = (
				A2B0DF9A1A5B373700B38C8C /* Debug */,
				A2B0DF9B1A5B373700B38C8C /* Release */,
			);
			defaultConfigurationIsVisible = 0;
		};
		A2B0DF9C1A5B373700B38C8C /* Build configuration list for PBXNativeTarget "MultiplyTests" */ = {
			isa = XCConfigurationList;
			buildConfigurations = (
				A2B0DF9D1A5B373700B38C8C /* Debug */,
				A2B0DF9E1A5B373700B38C8C /* Release */,
			);
			defaultConfigurationIsVisible = 0;
		};
/* End XCConfigurationList section */
	};
	rootObject = A2B0DF6E1A5B373600B38C8C /* Project object */;
}
