// !$*UTF8*$!
{
	archiveVersion = 1;
	classes = {
	};
	objectVersion = 46;
	objects = {

/* Begin PBXBuildFile section */
		A24417E71A5C9F0A00A3339A /* main.m in Sources */ = {isa = PBXBuildFile; fileRef = A24417E61A5C9F0A00A3339A /* main.m */; };
		A24417EA1A5C9F0A00A3339A /* AppDelegate.m in Sources */ = {isa = PBXBuildFile; fileRef = A24417E91A5C9F0A00A3339A /* AppDelegate.m */; };
		A24417ED1A5C9F0A00A3339A /* ViewController.m in Sources */ = {isa = PBXBuildFile; fileRef = A24417EC1A5C9F0A00A3339A /* ViewController.m */; };
		A24417F01A5C9F0A00A3339A /* Main.storyboard in Resources */ = {isa = PBXBuildFile; fileRef = A24417EE1A5C9F0A00A3339A /* Main.storyboard */; };
		A24417F21A5C9F0A00A3339A /* Images.xcassets in Resources */ = {isa = PBXBuildFile; fileRef = A24417F11A5C9F0A00A3339A /* Images.xcassets */; };
		A24417F51A5C9F0A00A3339A /* LaunchScreen.xib in Resources */ = {isa = PBXBuildFile; fileRef = A24417F31A5C9F0A00A3339A /* LaunchScreen.xib */; };
		A24418011A5C9F0A00A3339A /* Github_Intro_ProjectTests.m in Sources */ = {isa = PBXBuildFile; fileRef = A24418001A5C9F0A00A3339A /* Github_Intro_ProjectTests.m */; };
/* End PBXBuildFile section */

/* Begin PBXContainerItemProxy section */
		A24417FB1A5C9F0A00A3339A /* PBXContainerItemProxy */ = {
			isa = PBXContainerItemProxy;
			containerPortal = A24417D91A5C9F0900A3339A /* Project object */;
			proxyType = 1;
			remoteGlobalIDString = A24417E01A5C9F0900A3339A;
			remoteInfo = "Github Intro Project";
		};
/* End PBXContainerItemProxy section */

/* Begin PBXFileReference section */
		A24417E11A5C9F0900A3339A /* Github Intro Project.app */ = {isa = PBXFileReference; explicitFileType = wrapper.application; includeInIndex = 0; path = "Github Intro Project.app"; sourceTree = BUILT_PRODUCTS_DIR; };
		A24417E51A5C9F0A00A3339A /* Info.plist */ = {isa = PBXFileReference; lastKnownFileType = text.plist.xml; path = Info.plist; sourceTree = "<group>"; };
		A24417E61A5C9F0A00A3339A /* main.m */ = {isa = PBXFileReference; lastKnownFileType = sourcecode.c.objc; path = main.m; sourceTree = "<group>"; };
		A24417E81A5C9F0A00A3339A /* AppDelegate.h */ = {isa = PBXFileReference; lastKnownFileType = sourcecode.c.h; path = AppDelegate.h; sourceTree = "<group>"; };
		A24417E91A5C9F0A00A3339A /* AppDelegate.m */ = {isa = PBXFileReference; lastKnownFileType = sourcecode.c.objc; path = AppDelegate.m; sourceTree = "<group>"; };
		A24417EB1A5C9F0A00A3339A /* ViewController.h */ = {isa = PBXFileReference; lastKnownFileType = sourcecode.c.h; path = ViewController.h; sourceTree = "<group>"; };
		A24417EC1A5C9F0A00A3339A /* ViewController.m */ = {isa = PBXFileReference; lastKnownFileType = sourcecode.c.objc; path = ViewController.m; sourceTree = "<group>"; };
		A24417EF1A5C9F0A00A3339A /* Base */ = {isa = PBXFileReference; lastKnownFileType = file.storyboard; name = Base; path = Base.lproj/Main.storyboard; sourceTree = "<group>"; };
		A24417F11A5C9F0A00A3339A /* Images.xcassets */ = {isa = PBXFileReference; lastKnownFileType = folder.assetcatalog; path = Images.xcassets; sourceTree = "<group>"; };
		A24417F41A5C9F0A00A3339A /* Base */ = {isa = PBXFileReference; lastKnownFileType = file.xib; name = Base; path = Base.lproj/LaunchScreen.xib; sourceTree = "<group>"; };
		A24417FA1A5C9F0A00A3339A /* Github Intro ProjectTests.xctest */ = {isa = PBXFileReference; explicitFileType = wrapper.cfbundle; includeInIndex = 0; path = "Github Intro ProjectTests.xctest"; sourceTree = BUILT_PRODUCTS_DIR; };
		A24417FF1A5C9F0A00A3339A /* Info.plist */ = {isa = PBXFileReference; lastKnownFileType = text.plist.xml; path = Info.plist; sourceTree = "<group>"; };
		A24418001A5C9F0A00A3339A /* Github_Intro_ProjectTests.m */ = {isa = PBXFileReference; lastKnownFileType = sourcecode.c.objc; path = Github_Intro_ProjectTests.m; sourceTree = "<group>"; };
/* End PBXFileReference section */

/* Begin PBXFrameworksBuildPhase section */
		A24417DE1A5C9F0900A3339A /* Frameworks */ = {
			isa = PBXFrameworksBuildPhase;
			buildActionMask = 2147483647;
			files = (
			);
			runOnlyForDeploymentPostprocessing = 0;
		};
		A24417F71A5C9F0A00A3339A /* Frameworks */ = {
			isa = PBXFrameworksBuildPhase;
			buildActionMask = 2147483647;
			files = (
			);
			runOnlyForDeploymentPostprocessing = 0;
		};
/* End PBXFrameworksBuildPhase section */

/* Begin PBXGroup section */
		A24417D81A5C9F0900A3339A = {
			isa = PBXGroup;
			children = (
				A24417E31A5C9F0900A3339A /* Github Intro Project */,
				A24417FD1A5C9F0A00A3339A /* Github Intro ProjectTests */,
				A24417E21A5C9F0900A3339A /* Products */,
			);
			sourceTree = "<group>";
		};
		A24417E21A5C9F0900A3339A /* Products */ = {
			isa = PBXGroup;
			children = (
				A24417E11A5C9F0900A3339A /* Github Intro Project.app */,
				A24417FA1A5C9F0A00A3339A /* Github Intro ProjectTests.xctest */,
			);
			name = Products;
			sourceTree = "<group>";
		};
		A24417E31A5C9F0900A3339A /* Github Intro Project */ = {
			isa = PBXGroup;
			children = (
				A24417E81A5C9F0A00A3339A /* AppDelegate.h */,
				A24417E91A5C9F0A00A3339A /* AppDelegate.m */,
				A24417EB1A5C9F0A00A3339A /* ViewController.h */,
				A24417EC1A5C9F0A00A3339A /* ViewController.m */,
				A24417EE1A5C9F0A00A3339A /* Main.storyboard */,
				A24417F11A5C9F0A00A3339A /* Images.xcassets */,
				A24417F31A5C9F0A00A3339A /* LaunchScreen.xib */,
				A24417E41A5C9F0A00A3339A /* Supporting Files */,
			);
			path = "Github Intro Project";
			sourceTree = "<group>";
		};
		A24417E41A5C9F0A00A3339A /* Supporting Files */ = {
			isa = PBXGroup;
			children = (
				A24417E51A5C9F0A00A3339A /* Info.plist */,
				A24417E61A5C9F0A00A3339A /* main.m */,
			);
			name = "Supporting Files";
			sourceTree = "<group>";
		};
		A24417FD1A5C9F0A00A3339A /* Github Intro ProjectTests */ = {
			isa = PBXGroup;
			children = (
				A24418001A5C9F0A00A3339A /* Github_Intro_ProjectTests.m */,
				A24417FE1A5C9F0A00A3339A /* Supporting Files */,
			);
			path = "Github Intro ProjectTests";
			sourceTree = "<group>";
		};
		A24417FE1A5C9F0A00A3339A /* Supporting Files */ = {
			isa = PBXGroup;
			children = (
				A24417FF1A5C9F0A00A3339A /* Info.plist */,
			);
			name = "Supporting Files";
			sourceTree = "<group>";
		};
/* End PBXGroup section */

/* Begin PBXNativeTarget section */
		A24417E01A5C9F0900A3339A /* Github Intro Project */ = {
			isa = PBXNativeTarget;
			buildConfigurationList = A24418041A5C9F0A00A3339A /* Build configuration list for PBXNativeTarget "Github Intro Project" */;
			buildPhases = (
				A24417DD1A5C9F0900A3339A /* Sources */,
				A24417DE1A5C9F0900A3339A /* Frameworks */,
				A24417DF1A5C9F0900A3339A /* Resources */,
			);
			buildRules = (
			);
			dependencies = (
			);
			name = "Github Intro Project";
			productName = "Github Intro Project";
			productReference = A24417E11A5C9F0900A3339A /* Github Intro Project.app */;
			productType = "com.apple.product-type.application";
		};
		A24417F91A5C9F0A00A3339A /* Github Intro ProjectTests */ = {
			isa = PBXNativeTarget;
			buildConfigurationList = A24418071A5C9F0A00A3339A /* Build configuration list for PBXNativeTarget "Github Intro ProjectTests" */;
			buildPhases = (
				A24417F61A5C9F0A00A3339A /* Sources */,
				A24417F71A5C9F0A00A3339A /* Frameworks */,
				A24417F81A5C9F0A00A3339A /* Resources */,
			);
			buildRules = (
			);
			dependencies = (
				A24417FC1A5C9F0A00A3339A /* PBXTargetDependency */,
			);
			name = "Github Intro ProjectTests";
			productName = "Github Intro ProjectTests";
			productReference = A24417FA1A5C9F0A00A3339A /* Github Intro ProjectTests.xctest */;
			productType = "com.apple.product-type.bundle.unit-test";
		};
/* End PBXNativeTarget section */

/* Begin PBXProject section */
		A24417D91A5C9F0900A3339A /* Project object */ = {
			isa = PBXProject;
			attributes = {
				LastUpgradeCheck = 0610;
				ORGANIZATIONNAME = com.Seaver;
				TargetAttributes = {
					A24417E01A5C9F0900A3339A = {
						CreatedOnToolsVersion = 6.1.1;
					};
					A24417F91A5C9F0A00A3339A = {
						CreatedOnToolsVersion = 6.1.1;
						TestTargetID = A24417E01A5C9F0900A3339A;
					};
				};
			};
			buildConfigurationList = A24417DC1A5C9F0900A3339A /* Build configuration list for PBXProject "Github Intro Project" */;
			compatibilityVersion = "Xcode 3.2";
			developmentRegion = English;
			hasScannedForEncodings = 0;
			knownRegions = (
				en,
				Base,
			);
			mainGroup = A24417D81A5C9F0900A3339A;
			productRefGroup = A24417E21A5C9F0900A3339A /* Products */;
			projectDirPath = "";
			projectRoot = "";
			targets = (
				A24417E01A5C9F0900A3339A /* Github Intro Project */,
				A24417F91A5C9F0A00A3339A /* Github Intro ProjectTests */,
			);
		};
/* End PBXProject section */

/* Begin PBXResourcesBuildPhase section */
		A24417DF1A5C9F0900A3339A /* Resources */ = {
			isa = PBXResourcesBuildPhase;
			buildActionMask = 2147483647;
			files = (
				A24417F01A5C9F0A00A3339A /* Main.storyboard in Resources */,
				A24417F51A5C9F0A00A3339A /* LaunchScreen.xib in Resources */,
				A24417F21A5C9F0A00A3339A /* Images.xcassets in Resources */,
			);
			runOnlyForDeploymentPostprocessing = 0;
		};
		A24417F81A5C9F0A00A3339A /* Resources */ = {
			isa = PBXResourcesBuildPhase;
			buildActionMask = 2147483647;
			files = (
			);
			runOnlyForDeploymentPostprocessing = 0;
		};
/* End PBXResourcesBuildPhase section */

/* Begin PBXSourcesBuildPhase section */
		A24417DD1A5C9F0900A3339A /* Sources */ = {
			isa = PBXSourcesBuildPhase;
			buildActionMask = 2147483647;
			files = (
				A24417ED1A5C9F0A00A3339A /* ViewController.m in Sources */,
				A24417EA1A5C9F0A00A3339A /* AppDelegate.m in Sources */,
				A24417E71A5C9F0A00A3339A /* main.m in Sources */,
			);
			runOnlyForDeploymentPostprocessing = 0;
		};
		A24417F61A5C9F0A00A3339A /* Sources */ = {
			isa = PBXSourcesBuildPhase;
			buildActionMask = 2147483647;
			files = (
				A24418011A5C9F0A00A3339A /* Github_Intro_ProjectTests.m in Sources */,
			);
			runOnlyForDeploymentPostprocessing = 0;
		};
/* End PBXSourcesBuildPhase section */

/* Begin PBXTargetDependency section */
		A24417FC1A5C9F0A00A3339A /* PBXTargetDependency */ = {
			isa = PBXTargetDependency;
			target = A24417E01A5C9F0900A3339A /* Github Intro Project */;
			targetProxy = A24417FB1A5C9F0A00A3339A /* PBXContainerItemProxy */;
		};
/* End PBXTargetDependency section */

/* Begin PBXVariantGroup section */
		A24417EE1A5C9F0A00A3339A /* Main.storyboard */ = {
			isa = PBXVariantGroup;
			children = (
				A24417EF1A5C9F0A00A3339A /* Base */,
			);
			name = Main.storyboard;
			sourceTree = "<group>";
		};
		A24417F31A5C9F0A00A3339A /* LaunchScreen.xib */ = {
			isa = PBXVariantGroup;
			children = (
				A24417F41A5C9F0A00A3339A /* Base */,
			);
			name = LaunchScreen.xib;
			sourceTree = "<group>";
		};
/* End PBXVariantGroup section */

/* Begin XCBuildConfiguration section */
		A24418021A5C9F0A00A3339A /* Debug */ = {
			isa = XCBuildConfiguration;
			buildSettings = {
				ALWAYS_SEARCH_USER_PATHS = NO;
				CLANG_CXX_LANGUAGE_STANDARD = "gnu++0x";
				CLANG_CXX_LIBRARY = "libc++";
				CLANG_ENABLE_MODULES = YES;
				CLANG_ENABLE_OBJC_ARC = YES;
				CLANG_WARN_BOOL_CONVERSION = YES;
				CLANG_WARN_CONSTANT_CONVERSION = YES;
				CLANG_WARN_DIRECT_OBJC_ISA_USAGE = YES_ERROR;
				CLANG_WARN_EMPTY_BODY = YES;
				CLANG_WARN_ENUM_CONVERSION = YES;
				CLANG_WARN_INT_CONVERSION = YES;
				CLANG_WARN_OBJC_ROOT_CLASS = YES_ERROR;
				CLANG_WARN_UNREACHABLE_CODE = YES;
				CLANG_WARN__DUPLICATE_METHOD_MATCH = YES;
				"CODE_SIGN_IDENTITY[sdk=iphoneos*]" = "iPhone Developer";
				COPY_PHASE_STRIP = NO;
				ENABLE_STRICT_OBJC_MSGSEND = YES;
				GCC_C_LANGUAGE_STANDARD = gnu99;
				GCC_DYNAMIC_NO_PIC = NO;
				GCC_OPTIMIZATION_LEVEL = 0;
				GCC_PREPROCESSOR_DEFINITIONS = (
					"DEBUG=1",
					"$(inherited)",
				);
				GCC_SYMBOLS_PRIVATE_EXTERN = NO;
				GCC_WARN_64_TO_32_BIT_CONVERSION = YES;
				GCC_WARN_ABOUT_RETURN_TYPE = YES_ERROR;
				GCC_WARN_UNDECLARED_SELECTOR = YES;
				GCC_WARN_UNINITIALIZED_AUTOS = YES_AGGRESSIVE;
				GCC_WARN_UNUSED_FUNCTION = YES;
				GCC_WARN_UNUSED_VARIABLE = YES;
				IPHONEOS_DEPLOYMENT_TARGET = 8.1;
				MTL_ENABLE_DEBUG_INFO = YES;
				ONLY_ACTIVE_ARCH = YES;
				SDKROOT = iphoneos;
			};
			name = Debug;
		};
		A24418031A5C9F0A00A3339A /* Release */ = {
			isa = XCBuildConfiguration;
			buildSettings = {
				ALWAYS_SEARCH_USER_PATHS = NO;
				CLANG_CXX_LANGUAGE_STANDARD = "gnu++0x";
				CLANG_CXX_LIBRARY = "libc++";
				CLANG_ENABLE_MODULES = YES;
				CLANG_ENABLE_OBJC_ARC = YES;
				CLANG_WARN_BOOL_CONVERSION = YES;
				CLANG_WARN_CONSTANT_CONVERSION = YES;
				CLANG_WARN_DIRECT_OBJC_ISA_USAGE = YES_ERROR;
				CLANG_WARN_EMPTY_BODY = YES;
				CLANG_WARN_ENUM_CONVERSION = YES;
				CLANG_WARN_INT_CONVERSION = YES;
				CLANG_WARN_OBJC_ROOT_CLASS = YES_ERROR;
				CLANG_WARN_UNREACHABLE_CODE = YES;
				CLANG_WARN__DUPLICATE_METHOD_MATCH = YES;
				"CODE_SIGN_IDENTITY[sdk=iphoneos*]" = "iPhone Developer";
				COPY_PHASE_STRIP = YES;
				ENABLE_NS_ASSERTIONS = NO;
				ENABLE_STRICT_OBJC_MSGSEND = YES;
				GCC_C_LANGUAGE_STANDARD = gnu99;
				GCC_WARN_64_TO_32_BIT_CONVERSION = YES;
				GCC_WARN_ABOUT_RETURN_TYPE = YES_ERROR;
				GCC_WARN_UNDECLARED_SELECTOR = YES;
				GCC_WARN_UNINITIALIZED_AUTOS = YES_AGGRESSIVE;
				GCC_WARN_UNUSED_FUNCTION = YES;
				GCC_WARN_UNUSED_VARIABLE = YES;
				IPHONEOS_DEPLOYMENT_TARGET = 8.1;
				MTL_ENABLE_DEBUG_INFO = NO;
				SDKROOT = iphoneos;
				VALIDATE_PRODUCT = YES;
			};
			name = Release;
		};
		A24418051A5C9F0A00A3339A /* Debug */ = {
			isa = XCBuildConfiguration;
			buildSettings = {
				ASSETCATALOG_COMPILER_APPICON_NAME = AppIcon;
				INFOPLIST_FILE = "Github Intro Project/Info.plist";
				LD_RUNPATH_SEARCH_PATHS = "$(inherited) @executable_path/Frameworks";
				PRODUCT_NAME = "$(TARGET_NAME)";
			};
			name = Debug;
		};
		A24418061A5C9F0A00A3339A /* Release */ = {
			isa = XCBuildConfiguration;
			buildSettings = {
				ASSETCATALOG_COMPILER_APPICON_NAME = AppIcon;
				INFOPLIST_FILE = "Github Intro Project/Info.plist";
				LD_RUNPATH_SEARCH_PATHS = "$(inherited) @executable_path/Frameworks";
				PRODUCT_NAME = "$(TARGET_NAME)";
			};
			name = Release;
		};
		A24418081A5C9F0A00A3339A /* Debug */ = {
			isa = XCBuildConfiguration;
			buildSettings = {
				BUNDLE_LOADER = "$(TEST_HOST)";
				FRAMEWORK_SEARCH_PATHS = (
					"$(SDKROOT)/Developer/Library/Frameworks",
					"$(inherited)",
				);
				GCC_PREPROCESSOR_DEFINITIONS = (
					"DEBUG=1",
					"$(inherited)",
				);
				INFOPLIST_FILE = "Github Intro ProjectTests/Info.plist";
				LD_RUNPATH_SEARCH_PATHS = "$(inherited) @executable_path/Frameworks @loader_path/Frameworks";
				PRODUCT_NAME = "$(TARGET_NAME)";
				TEST_HOST = "$(BUILT_PRODUCTS_DIR)/Github Intro Project.app/Github Intro Project";
			};
			name = Debug;
		};
		A24418091A5C9F0A00A3339A /* Release */ = {
			isa = XCBuildConfiguration;
			buildSettings = {
				BUNDLE_LOADER = "$(TEST_HOST)";
				FRAMEWORK_SEARCH_PATHS = (
					"$(SDKROOT)/Developer/Library/Frameworks",
					"$(inherited)",
				);
				INFOPLIST_FILE = "Github Intro ProjectTests/Info.plist";
				LD_RUNPATH_SEARCH_PATHS = "$(inherited) @executable_path/Frameworks @loader_path/Frameworks";
				PRODUCT_NAME = "$(TARGET_NAME)";
				TEST_HOST = "$(BUILT_PRODUCTS_DIR)/Github Intro Project.app/Github Intro Project";
			};
			name = Release;
		};
/* End XCBuildConfiguration section */

/* Begin XCConfigurationList section */
		A24417DC1A5C9F0900A3339A /* Build configuration list for PBXProject "Github Intro Project" */ = {
			isa = XCConfigurationList;
			buildConfigurations = (
				A24418021A5C9F0A00A3339A /* Debug */,
				A24418031A5C9F0A00A3339A /* Release */,
			);
			defaultConfigurationIsVisible = 0;
			defaultConfigurationName = Release;
		};
		A24418041A5C9F0A00A3339A /* Build configuration list for PBXNativeTarget "Github Intro Project" */ = {
			isa = XCConfigurationList;
			buildConfigurations = (
				A24418051A5C9F0A00A3339A /* Debug */,
				A24418061A5C9F0A00A3339A /* Release */,
			);
			defaultConfigurationIsVisible = 0;
		};
		A24418071A5C9F0A00A3339A /* Build configuration list for PBXNativeTarget "Github Intro ProjectTests" */ = {
			isa = XCConfigurationList;
			buildConfigurations = (
				A24418081A5C9F0A00A3339A /* Debug */,
				A24418091A5C9F0A00A3339A /* Release */,
			);
			defaultConfigurationIsVisible = 0;
		};
/* End XCConfigurationList section */
	};
	rootObject = A24417D91A5C9F0900A3339A /* Project object */;
}
